
Microsoft Visual Studio Solution File, Format Version 12.00
# Visual Studio Version 17
VisualStudioVersion = 17.0.31919.166
MinimumVisualStudioVersion = 10.0.40219.1
Project("{9A19103F-16F7-4668-BE54-9A1E7A4F7556}") = "Arma3ServerTools.Core", "src\Arma3ServerTools.Core\Arma3ServerTools.Core.csproj", "{A1B2C3D4-E5F6-7890-ABCD-EF1234567890}"
EndProject
Project("{2150E333-8FDC-42A3-9474-1A3956D46DE8}") = "tests", "tests", "{0AB3BF05-4346-4AA6-1389-037BE0695223}"
EndProject
Project("{FAE04EC0-301F-11D3-BF4B-00C04F79EFBC}") = "Arma3ServerTools.Core.Tests", "tests\Arma3ServerTools.Core.Tests\Arma3ServerTools.Core.Tests.csproj", "{CF0B724A-8706-4B4D-955E-083059705904}"
EndProject
Project("{2150E333-8FDC-42A3-9474-1A3956D46DE8}") = "src", "src", "{827E0CD3-B72D-47B6-A68D-7590B98EB39B}"
EndProject
Project("{FAE04EC0-301F-11D3-BF4B-00C04F79EFBC}") = "Arma3ServerTools.Application", "src\Arma3ServerTools.Application\Arma3ServerTools.Application.csproj", "{6976D87D-1927-4C3B-B524-98953ABDFF36}"
EndProject
Project("{FAE04EC0-301F-11D3-BF4B-00C04F79EFBC}") = "Arma3ServerTools.Application.Tests", "tests\Arma3ServerTools.Application.Tests\Arma3ServerTools.Application.Tests.csproj", "{C7D23DC1-D923-4041-AFBA-B183E1B84E37}"
EndProject
Project("{FAE04EC0-301F-11D3-BF4B-00C04F79EFBC}") = "Arma3ServerTools.MonitoringHost", "src\Arma3ServerTools.MonitoringHost\Arma3ServerTools.MonitoringHost.csproj", "{197B1B69-0A91-4EEB-9048-79DA230F0E38}"
EndProject
Project("{FAE04EC0-301F-11D3-BF4B-00C04F79EFBC}") = "Arma3ServerTools.App.WinForms", "src\Arma3ServerTools.App.WinForms\Arma3ServerTools.App.WinForms.csproj", "{FF777FB4-A7D5-4F29-B278-BB4FF7F1AB8E}"
EndProject
Global
	GlobalSection(SolutionConfigurationPlatforms) = preSolution
		Debug|Any CPU = Debug|Any CPU
		Debug|x64 = Debug|x64
		Debug|x86 = Debug|x86
		Release|Any CPU = Release|Any CPU
		Release|x64 = Release|x64
		Release|x86 = Release|x86
	EndGlobalSection
	GlobalSection(ProjectConfigurationPlatforms) = postSolution
		{A1B2C3D4-E5F6-7890-ABCD-EF1234567890}.Debug|Any CPU.ActiveCfg = Debug|Any CPU
		{A1B2C3D4-E5F6-7890-ABCD-EF1234567890}.Debug|Any CPU.Build.0 = Debug|Any CPU
		{A1B2C3D4-E5F6-7890-ABCD-EF1234567890}.Debug|x64.ActiveCfg = Debug|Any CPU
		{A1B2C3D4-E5F6-7890-ABCD-EF1234567890}.Debug|x64.Build.0 = Debug|Any CPU
		{A1B2C3D4-E5F6-7890-ABCD-EF1234567890}.Debug|x86.ActiveCfg = Debug|Any CPU
		{A1B2C3D4-E5F6-7890-ABCD-EF1234567890}.Debug|x86.Build.0 = Debug|Any CPU
		{A1B2C3D4-E5F6-7890-ABCD-EF1234567890}.Release|Any CPU.ActiveCfg = Release|Any CPU
		{A1B2C3D4-E5F6-7890-ABCD-EF1234567890}.Release|Any CPU.Build.0 = Release|Any CPU
		{A1B2C3D4-E5F6-7890-ABCD-EF1234567890}.Release|x64.ActiveCfg = Release|Any CPU
		{A1B2C3D4-E5F6-7890-ABCD-EF1234567890}.Release|x64.Build.0 = Release|Any CPU
		{A1B2C3D4-E5F6-7890-ABCD-EF1234567890}.Release|x86.ActiveCfg = Release|Any CPU
		{A1B2C3D4-E5F6-7890-ABCD-EF1234567890}.Release|x86.Build.0 = Release|Any CPU
		{CF0B724A-8706-4B4D-955E-083059705904}.Debug|Any CPU.ActiveCfg = Debug|Any CPU
		{CF0B724A-8706-4B4D-955E-083059705904}.Debug|Any CPU.Build.0 = Debug|Any CPU
		{CF0B724A-8706-4B4D-955E-083059705904}.Debug|x64.ActiveCfg = Debug|Any CPU
		{CF0B724A-8706-4B4D-955E-083059705904}.Debug|x64.Build.0 = Debug|Any CPU
		{CF0B724A-8706-4B4D-955E-083059705904}.Debug|x86.ActiveCfg = Debug|Any CPU
		{CF0B724A-8706-4B4D-955E-083059705904}.Debug|x86.Build.0 = Debug|Any CPU
		{CF0B724A-8706-4B4D-955E-083059705904}.Release|Any CPU.ActiveCfg = Release|Any CPU
		{CF0B724A-8706-4B4D-955E-083059705904}.Release|Any CPU.Build.0 = Release|Any CPU
		{CF0B724A-8706-4B4D-955E-083059705904}.Release|x64.ActiveCfg = Release|Any CPU
		{CF0B724A-8706-4B4D-955E-083059705904}.Release|x64.Build.0 = Release|Any CPU
		{CF0B724A-8706-4B4D-955E-083059705904}.Release|x86.ActiveCfg = Release|Any CPU
		{CF0B724A-8706-4B4D-955E-083059705904}.Release|x86.Build.0 = Release|Any CPU
		{6976D87D-1927-4C3B-B524-98953ABDFF36}.Debug|Any CPU.ActiveCfg = Debug|Any CPU
		{6976D87D-1927-4C3B-B524-98953ABDFF36}.Debug|Any CPU.Build.0 = Debug|Any CPU
		{6976D87D-1927-4C3B-B524-98953ABDFF36}.Debug|x64.ActiveCfg = Debug|Any CPU
		{6976D87D-1927-4C3B-B524-98953ABDFF36}.Debug|x64.Build.0 = Debug|Any CPU
		{6976D87D-1927-4C3B-B524-98953ABDFF36}.Debug|x86.ActiveCfg = Debug|Any CPU
		{6976D87D-1927-4C3B-B524-98953ABDFF36}.Debug|x86.Build.0 = Debug|Any CPU
		{6976D87D-1927-4C3B-B524-98953ABDFF36}.Release|Any CPU.ActiveCfg = Release|Any CPU
		{6976D87D-1927-4C3B-B524-98953ABDFF36}.Release|Any CPU.Build.0 = Release|Any CPU
		{6976D87D-1927-4C3B-B524-98953ABDFF36}.Release|x64.ActiveCfg = Release|Any CPU
		{6976D87D-1927-4C3B-B524-98953ABDFF36}.Release|x64.Build.0 = Release|Any CPU
		{6976D87D-1927-4C3B-B524-98953ABDFF36}.Release|x86.ActiveCfg = Release|Any CPU
		{6976D87D-1927-4C3B-B524-98953ABDFF36}.Release|x86.Build.0 = Release|Any CPU
		{C7D23DC1-D923-4041-AFBA-B183E1B84E37}.Debug|Any CPU.ActiveCfg = Debug|Any CPU
		{C7D23DC1-D923-4041-AFBA-B183E1B84E37}.Debug|Any CPU.Build.0 = Debug|Any CPU
		{C7D23DC1-D923-4041-AFBA-B183E1B84E37}.Debug|x64.ActiveCfg = Debug|Any CPU
		{C7D23DC1-D923-4041-AFBA-B183E1B84E37}.Debug|x64.Build.0 = Debug|Any CPU
		{C7D23DC1-D923-4041-AFBA-B183E1B84E37}.Debug|x86.ActiveCfg = Debug|Any CPU
		{C7D23DC1-D923-4041-AFBA-B183E1B84E37}.Debug|x86.Build.0 = Debug|Any CPU
		{C7D23DC1-D923-4041-AFBA-B183E1B84E37}.Release|Any CPU.ActiveCfg = Release|Any CPU
		{C7D23DC1-D923-4041-AFBA-B183E1B84E37}.Release|Any CPU.Build.0 = Release|Any CPU
		{C7D23DC1-D923-4041-AFBA-B183E1B84E37}.Release|x64.ActiveCfg = Release|Any CPU
		{C7D23DC1-D923-4041-AFBA-B183E1B84E37}.Release|x64.Build.0 = Release|Any CPU
		{C7D23DC1-D923-4041-AFBA-B183E1B84E37}.Release|x86.ActiveCfg = Release|Any CPU
		{C7D23DC1-D923-4041-AFBA-B183E1B84E37}.Release|x86.Build.0 = Release|Any CPU
		{197B1B69-0A91-4EEB-9048-79DA230F0E38}.Debug|Any CPU.ActiveCfg = Debug|Any CPU
		{197B1B69-0A91-4EEB-9048-79DA230F0E38}.Debug|Any CPU.Build.0 = Debug|Any CPU
		{197B1B69-0A91-4EEB-9048-79DA230F0E38}.Debug|x64.ActiveCfg = Debug|Any CPU
		{197B1B69-0A91-4EEB-9048-79DA230F0E38}.Debug|x64.Build.0 = Debug|Any CPU
		{197B1B69-0A91-4EEB-9048-79DA230F0E38}.Debug|x86.ActiveCfg = Debug|Any CPU
		{197B1B69-0A91-4EEB-9048-79DA230F0E38}.Debug|x86.Build.0 = Debug|Any CPU
		{197B1B69-0A91-4EEB-9048-79DA230F0E38}.Release|Any CPU.ActiveCfg = Release|Any CPU
		{197B1B69-0A91-4EEB-9048-79DA230F0E38}.Release|Any CPU.Build.0 = Release|Any CPU
		{197B1B69-0A91-4EEB-9048-79DA230F0E38}.Release|x64.ActiveCfg = Release|Any CPU
		{197B1B69-0A91-4EEB-9048-79DA230F0E38}.Release|x64.Build.0 = Release|Any CPU
		{197B1B69-0A91-4EEB-9048-79DA230F0E38}.Release|x86.ActiveCfg = Release|Any CPU
		{197B1B69-0A91-4EEB-9048-79DA230F0E38}.Release|x86.Build.0 = Release|Any CPU
		{FF777FB4-A7D5-4F29-B278-BB4FF7F1AB8E}.Debug|Any CPU.ActiveCfg = Debug|Any CPU
		{FF777FB4-A7D5-4F29-B278-BB4FF7F1AB8E}.Debug|Any CPU.Build.0 = Debug|Any CPU
		{FF777FB4-A7D5-4F29-B278-BB4FF7F1AB8E}.Debug|x64.ActiveCfg = Debug|Any CPU
		{FF777FB4-A7D5-4F29-B278-BB4FF7F1AB8E}.Debug|x64.Build.0 = Debug|Any CPU
		{FF777FB4-A7D5-4F29-B278-BB4FF7F1AB8E}.Debug|x86.ActiveCfg = Debug|Any CPU
		{FF777FB4-A7D5-4F29-B278-BB4FF7F1AB8E}.Debug|x86.Build.0 = Debug|Any CPU
		{FF777FB4-A7D5-4F29-B278-BB4FF7F1AB8E}.Release|Any CPU.ActiveCfg = Release|Any CPU
		{FF777FB4-A7D5-4F29-B278-BB4FF7F1AB8E}.Release|Any CPU.Build.0 = Release|Any CPU
		{FF777FB4-A7D5-4F29-B278-BB4FF7F1AB8E}.Release|x64.ActiveCfg = Release|Any CPU
		{FF777FB4-A7D5-4F29-B278-BB4FF7F1AB8E}.Release|x64.Build.0 = Release|Any CPU
		{FF777FB4-A7D5-4F29-B278-BB4FF7F1AB8E}.Release|x86.ActiveCfg = Release|Any CPU
		{FF777FB4-A7D5-4F29-B278-BB4FF7F1AB8E}.Release|x86.Build.0 = Release|Any CPU
	EndGlobalSection
	GlobalSection(SolutionProperties) = preSolution
		HideSolutionNode = FALSE
	EndGlobalSection
	GlobalSection(NestedProjects) = preSolution
		{CF0B724A-8706-4B4D-955E-083059705904} = {0AB3BF05-4346-4AA6-1389-037BE0695223}
		{6976D87D-1927-4C3B-B524-98953ABDFF36} = {827E0CD3-B72D-47B6-A68D-7590B98EB39B}
		{C7D23DC1-D923-4041-AFBA-B183E1B84E37} = {0AB3BF05-4346-4AA6-1389-037BE0695223}
		{197B1B69-0A91-4EEB-9048-79DA230F0E38} = {827E0CD3-B72D-47B6-A68D-7590B98EB39B}
		{FF777FB4-A7D5-4F29-B278-BB4FF7F1AB8E} = {827E0CD3-B72D-47B6-A68D-7590B98EB39B}
	EndGlobalSection
EndGlobal
